// !$*UTF8*$!
{
	archiveVersion = 1;
	classes = {
	};
	objectVersion = 46;
	objects = {

/* Begin PBXBuildFile section */
		D58717521C4335570003C2B8 /* main.m in Sources */ = {isa = PBXBuildFile; fileRef = D58717511C4335570003C2B8 /* main.m */; };
		D587175D1C4335570003C2B8 /* Assets.xcassets in Resources */ = {isa = PBXBuildFile; fileRef = D587175C1C4335570003C2B8 /* Assets.xcassets */; };
		D58717701C43541C0003C2B8 /* AppDelegate.m in Sources */ = {isa = PBXBuildFile; fileRef = D587176F1C43541C0003C2B8 /* AppDelegate.m */; };
		D58717721C4354270003C2B8 /* Root_Iphone.storyboard in Resources */ = {isa = PBXBuildFile; fileRef = D58717711C4354270003C2B8 /* Root_Iphone.storyboard */; };
		D587177F1C4376DA0003C2B8 /* UICommonViewController.m in Sources */ = {isa = PBXBuildFile; fileRef = D587177E1C4376DA0003C2B8 /* UICommonViewController.m */; };
		D58717821C43773F0003C2B8 /* HomePageViewController.m in Sources */ = {isa = PBXBuildFile; fileRef = D58717811C43773F0003C2B8 /* HomePageViewController.m */; };
		D5D62A081C48CC620036915F /* HomePageGuideView.m in Sources */ = {isa = PBXBuildFile; fileRef = D5D62A071C48CC620036915F /* HomePageGuideView.m */; };
		D5D62A1C1C4E124B0036915F /* UITableView+Factory.m in Sources */ = {isa = PBXBuildFile; fileRef = D5D62A1B1C4E124B0036915F /* UITableView+Factory.m */; };
		D5D62A1F1C4E12B00036915F /* UITableView+Helper.m in Sources */ = {isa = PBXBuildFile; fileRef = D5D62A1E1C4E12B00036915F /* UITableView+Helper.m */; };
		D5D62A231C4E15500036915F /* NSArray+Helper.m in Sources */ = {isa = PBXBuildFile; fileRef = D5D62A221C4E15500036915F /* NSArray+Helper.m */; };
		D5D62A2A1C4E18120036915F /* QCModel.m in Sources */ = {isa = PBXBuildFile; fileRef = D5D62A291C4E18120036915F /* QCModel.m */; };
		D5D62A2D1C4E1EFD0036915F /* QCArtifact.m in Sources */ = {isa = PBXBuildFile; fileRef = D5D62A2C1C4E1EFD0036915F /* QCArtifact.m */; };
		D5D62A321C4E22690036915F /* ElectionViewCell.m in Sources */ = {isa = PBXBuildFile; fileRef = D5D62A311C4E22690036915F /* ElectionViewCell.m */; };
		D5D62A3D1C4F27720036915F /* Http.m in Sources */ = {isa = PBXBuildFile; fileRef = D5D62A3C1C4F27720036915F /* Http.m */; };
		D5D62A431C4F35B90036915F /* UIRefreshTableViewController.m in Sources */ = {isa = PBXBuildFile; fileRef = D5D62A421C4F35B90036915F /* UIRefreshTableViewController.m */; };
		D5D62A4D1C5065990036915F /* QCBrand.m in Sources */ = {isa = PBXBuildFile; fileRef = D5D62A4C1C5065990036915F /* QCBrand.m */; };
		D5D62A501C5066220036915F /* QCElection.m in Sources */ = {isa = PBXBuildFile; fileRef = D5D62A4F1C5066220036915F /* QCElection.m */; };
		D5D62A541C506BF60036915F /* NSString+Helper.m in Sources */ = {isa = PBXBuildFile; fileRef = D5D62A531C506BF60036915F /* NSString+Helper.m */; };
		D5D62A581C5074CA0036915F /* UILabel+Factory.m in Sources */ = {isa = PBXBuildFile; fileRef = D5D62A571C5074CA0036915F /* UILabel+Factory.m */; };
		D5D62A5C1C5083A50036915F /* image1.jpg in Resources */ = {isa = PBXBuildFile; fileRef = D5D62A5B1C5083A40036915F /* image1.jpg */; };
		D5D62A601C50A0670036915F /* ElectionService.m in Sources */ = {isa = PBXBuildFile; fileRef = D5D62A5F1C50A0670036915F /* ElectionService.m */; };
		D5D62A711C50B2A30036915F /* QCService.m in Sources */ = {isa = PBXBuildFile; fileRef = D5D62A701C50B2A30036915F /* QCService.m */; };
		D5D62A741C50B6010036915F /* HttpMessage.m in Sources */ = {isa = PBXBuildFile; fileRef = D5D62A731C50B6010036915F /* HttpMessage.m */; };
		D5D62A771C50D0720036915F /* QCMessage.m in Sources */ = {isa = PBXBuildFile; fileRef = D5D62A761C50D0720036915F /* QCMessage.m */; };
		D5D62A7A1C50D09A0036915F /* ElectionMessage.m in Sources */ = {isa = PBXBuildFile; fileRef = D5D62A791C50D09A0036915F /* ElectionMessage.m */; };
		D5D62A7D1C50D3240036915F /* HttpMsgCtrl.m in Sources */ = {isa = PBXBuildFile; fileRef = D5D62A7C1C50D3240036915F /* HttpMsgCtrl.m */; };
		D5D62A811C51D0CF0036915F /* NSNumber+Helper.m in Sources */ = {isa = PBXBuildFile; fileRef = D5D62A801C51D0CF0036915F /* NSNumber+Helper.m */; };
		F60A685D7BDAEDCC60A58432 /* libPods.a in Frameworks */ = {isa = PBXBuildFile; fileRef = 8F94406E8726717E950A2587 /* libPods.a */; };
/* End PBXBuildFile section */

/* Begin PBXFileReference section */
		1AFBC193D3BA17E6B4F4E52A /* Pods.debug.xcconfig */ = {isa = PBXFileReference; includeInIndex = 1; lastKnownFileType = text.xcconfig; name = Pods.debug.xcconfig; path = "Pods/Target Support Files/Pods/Pods.debug.xcconfig"; sourceTree = "<group>"; };
		5863F7479DE3F07254445564 /* Pods.release.xcconfig */ = {isa = PBXFileReference; includeInIndex = 1; lastKnownFileType = text.xcconfig; name = Pods.release.xcconfig; path = "Pods/Target Support Files/Pods/Pods.release.xcconfig"; sourceTree = "<group>"; };
		8F94406E8726717E950A2587 /* libPods.a */ = {isa = PBXFileReference; explicitFileType = archive.ar; includeInIndex = 0; path = libPods.a; sourceTree = BUILT_PRODUCTS_DIR; };
		D587174D1C4335570003C2B8 /* 清茶绮香.app */ = {isa = PBXFileReference; explicitFileType = wrapper.application; includeInIndex = 0; path = "清茶绮香.app"; sourceTree = BUILT_PRODUCTS_DIR; };
		D58717511C4335570003C2B8 /* main.m */ = {isa = PBXFileReference; lastKnownFileType = sourcecode.c.objc; path = main.m; sourceTree = "<group>"; };
		D587175C1C4335570003C2B8 /* Assets.xcassets */ = {isa = PBXFileReference; lastKnownFileType = folder.assetcatalog; path = Assets.xcassets; sourceTree = "<group>"; };
		D58717611C4335570003C2B8 /* Info.plist */ = {isa = PBXFileReference; lastKnownFileType = text.plist.xml; path = Info.plist; sourceTree = "<group>"; };
		D587176E1C43541C0003C2B8 /* AppDelegate.h */ = {isa = PBXFileReference; fileEncoding = 4; lastKnownFileType = sourcecode.c.h; name = AppDelegate.h; path = Classes/AppDelegate/AppDelegate.h; sourceTree = "<group>"; };
		D587176F1C43541C0003C2B8 /* AppDelegate.m */ = {isa = PBXFileReference; fileEncoding = 4; lastKnownFileType = sourcecode.c.objc; name = AppDelegate.m; path = Classes/AppDelegate/AppDelegate.m; sourceTree = "<group>"; };
		D58717711C4354270003C2B8 /* Root_Iphone.storyboard */ = {isa = PBXFileReference; fileEncoding = 4; lastKnownFileType = file.storyboard; name = Root_Iphone.storyboard; path = Classes/Src/StoryBoard/Root_Iphone.storyboard; sourceTree = "<group>"; };
		D587177D1C4376DA0003C2B8 /* UICommonViewController.h */ = {isa = PBXFileReference; fileEncoding = 4; lastKnownFileType = sourcecode.c.h; name = UICommonViewController.h; path = Classes/Common/UIViewController/UICommonViewController.h; sourceTree = "<group>"; };
		D587177E1C4376DA0003C2B8 /* UICommonViewController.m */ = {isa = PBXFileReference; fileEncoding = 4; lastKnownFileType = sourcecode.c.objc; name = UICommonViewController.m; path = Classes/Common/UIViewController/UICommonViewController.m; sourceTree = "<group>"; };
		D58717801C43773F0003C2B8 /* HomePageViewController.h */ = {isa = PBXFileReference; fileEncoding = 4; lastKnownFileType = sourcecode.c.h; name = HomePageViewController.h; path = Classes/Src/HomePage/HomePageViewController.h; sourceTree = "<group>"; };
		D58717811C43773F0003C2B8 /* HomePageViewController.m */ = {isa = PBXFileReference; fileEncoding = 4; lastKnownFileType = sourcecode.c.objc; name = HomePageViewController.m; path = Classes/Src/HomePage/HomePageViewController.m; sourceTree = "<group>"; };
		D5D62A061C48CC620036915F /* HomePageGuideView.h */ = {isa = PBXFileReference; fileEncoding = 4; lastKnownFileType = sourcecode.c.h; name = HomePageGuideView.h; path = Classes/Src/HomePage/HomePageGuideView.h; sourceTree = "<group>"; };
		D5D62A071C48CC620036915F /* HomePageGuideView.m */ = {isa = PBXFileReference; fileEncoding = 4; lastKnownFileType = sourcecode.c.objc; name = HomePageGuideView.m; path = Classes/Src/HomePage/HomePageGuideView.m; sourceTree = "<group>"; };
		D5D62A091C4DC7540036915F /* UIConstant.h */ = {isa = PBXFileReference; lastKnownFileType = sourcecode.c.h; name = UIConstant.h; path = Classes/Constant/UIConstant.h; sourceTree = "<group>"; };
		D5D62A0A1C4DC81E0036915F /* PrefixHeader.pch */ = {isa = PBXFileReference; lastKnownFileType = sourcecode.c.h; path = PrefixHeader.pch; sourceTree = "<group>"; };
		D5D62A161C4E10120036915F /* Header.h */ = {isa = PBXFileReference; lastKnownFileType = sourcecode.c.h; name = Header.h; path = Classes/Common/Header.h; sourceTree = "<group>"; };
		D5D62A1A1C4E124B0036915F /* UITableView+Factory.h */ = {isa = PBXFileReference; fileEncoding = 4; lastKnownFileType = sourcecode.c.h; name = "UITableView+Factory.h"; path = "Classes/Common/UITableView/UITableView+Factory.h"; sourceTree = "<group>"; };
		D5D62A1B1C4E124B0036915F /* UITableView+Factory.m */ = {isa = PBXFileReference; fileEncoding = 4; lastKnownFileType = sourcecode.c.objc; name = "UITableView+Factory.m"; path = "Classes/Common/UITableView/UITableView+Factory.m"; sourceTree = "<group>"; };
		D5D62A1D1C4E12B00036915F /* UITableView+Helper.h */ = {isa = PBXFileReference; fileEncoding = 4; lastKnownFileType = sourcecode.c.h; name = "UITableView+Helper.h"; path = "Classes/Common/UITableView/UITableView+Helper.h"; sourceTree = "<group>"; };
		D5D62A1E1C4E12B00036915F /* UITableView+Helper.m */ = {isa = PBXFileReference; fileEncoding = 4; lastKnownFileType = sourcecode.c.objc; name = "UITableView+Helper.m"; path = "Classes/Common/UITableView/UITableView+Helper.m"; sourceTree = "<group>"; };
		D5D62A211C4E15500036915F /* NSArray+Helper.h */ = {isa = PBXFileReference; fileEncoding = 4; lastKnownFileType = sourcecode.c.h; name = "NSArray+Helper.h"; path = "Classes/Common/NSArray/NSArray+Helper.h"; sourceTree = "<group>"; };
		D5D62A221C4E15500036915F /* NSArray+Helper.m */ = {isa = PBXFileReference; fileEncoding = 4; lastKnownFileType = sourcecode.c.objc; name = "NSArray+Helper.m"; path = "Classes/Common/NSArray/NSArray+Helper.m"; sourceTree = "<group>"; };
		D5D62A281C4E18120036915F /* QCModel.h */ = {isa = PBXFileReference; fileEncoding = 4; lastKnownFileType = sourcecode.c.h; name = QCModel.h; path = Classes/Common/Model/QCModel.h; sourceTree = "<group>"; };
		D5D62A291C4E18120036915F /* QCModel.m */ = {isa = PBXFileReference; fileEncoding = 4; lastKnownFileType = sourcecode.c.objc; name = QCModel.m; path = Classes/Common/Model/QCModel.m; sourceTree = "<group>"; };
		D5D62A2B1C4E1EFD0036915F /* QCArtifact.h */ = {isa = PBXFileReference; fileEncoding = 4; lastKnownFileType = sourcecode.c.h; name = QCArtifact.h; path = Classes/Common/Model/QCArtifact.h; sourceTree = "<group>"; };
		D5D62A2C1C4E1EFD0036915F /* QCArtifact.m */ = {isa = PBXFileReference; fileEncoding = 4; lastKnownFileType = sourcecode.c.objc; name = QCArtifact.m; path = Classes/Common/Model/QCArtifact.m; sourceTree = "<group>"; };
		D5D62A301C4E22690036915F /* ElectionViewCell.h */ = {isa = PBXFileReference; fileEncoding = 4; lastKnownFileType = sourcecode.c.h; name = ElectionViewCell.h; path = Classes/Src/HomePage/ElectionViewCell.h; sourceTree = "<group>"; };
		D5D62A311C4E22690036915F /* ElectionViewCell.m */ = {isa = PBXFileReference; fileEncoding = 4; lastKnownFileType = sourcecode.c.objc; name = ElectionViewCell.m; path = Classes/Src/HomePage/ElectionViewCell.m; sourceTree = "<group>"; };
		D5D62A3B1C4F27720036915F /* Http.h */ = {isa = PBXFileReference; fileEncoding = 4; lastKnownFileType = sourcecode.c.h; name = Http.h; path = Classes/Common/Http/Http.h; sourceTree = "<group>"; };
		D5D62A3C1C4F27720036915F /* Http.m */ = {isa = PBXFileReference; fileEncoding = 4; lastKnownFileType = sourcecode.c.objc; name = Http.m; path = Classes/Common/Http/Http.m; sourceTree = "<group>"; };
		D5D62A411C4F35B90036915F /* UIRefreshTableViewController.h */ = {isa = PBXFileReference; fileEncoding = 4; lastKnownFileType = sourcecode.c.h; name = UIRefreshTableViewController.h; path = Classes/Common/UIViewController/UIRefreshTableViewController.h; sourceTree = "<group>"; };
		D5D62A421C4F35B90036915F /* UIRefreshTableViewController.m */ = {isa = PBXFileReference; fileEncoding = 4; lastKnownFileType = sourcecode.c.objc; name = UIRefreshTableViewController.m; path = Classes/Common/UIViewController/UIRefreshTableViewController.m; sourceTree = "<group>"; };
		D5D62A4B1C5065990036915F /* QCBrand.h */ = {isa = PBXFileReference; fileEncoding = 4; lastKnownFileType = sourcecode.c.h; name = QCBrand.h; path = Classes/Common/Model/QCBrand.h; sourceTree = "<group>"; };
		D5D62A4C1C5065990036915F /* QCBrand.m */ = {isa = PBXFileReference; fileEncoding = 4; lastKnownFileType = sourcecode.c.objc; name = QCBrand.m; path = Classes/Common/Model/QCBrand.m; sourceTree = "<group>"; };
		D5D62A4E1C5066220036915F /* QCElection.h */ = {isa = PBXFileReference; fileEncoding = 4; lastKnownFileType = sourcecode.c.h; name = QCElection.h; path = Classes/Common/Model/QCElection.h; sourceTree = "<group>"; };
		D5D62A4F1C5066220036915F /* QCElection.m */ = {isa = PBXFileReference; fileEncoding = 4; lastKnownFileType = sourcecode.c.objc; name = QCElection.m; path = Classes/Common/Model/QCElection.m; sourceTree = "<group>"; };
		D5D62A521C506BF60036915F /* NSString+Helper.h */ = {isa = PBXFileReference; fileEncoding = 4; lastKnownFileType = sourcecode.c.h; name = "NSString+Helper.h"; path = "Classes/Common/NSString/NSString+Helper.h"; sourceTree = "<group>"; };
		D5D62A531C506BF60036915F /* NSString+Helper.m */ = {isa = PBXFileReference; fileEncoding = 4; lastKnownFileType = sourcecode.c.objc; name = "NSString+Helper.m"; path = "Classes/Common/NSString/NSString+Helper.m"; sourceTree = "<group>"; };
		D5D62A561C5074CA0036915F /* UILabel+Factory.h */ = {isa = PBXFileReference; fileEncoding = 4; lastKnownFileType = sourcecode.c.h; name = "UILabel+Factory.h"; path = "Classes/Common/UILabel/UILabel+Factory.h"; sourceTree = "<group>"; };
		D5D62A571C5074CA0036915F /* UILabel+Factory.m */ = {isa = PBXFileReference; fileEncoding = 4; lastKnownFileType = sourcecode.c.objc; name = "UILabel+Factory.m"; path = "Classes/Common/UILabel/UILabel+Factory.m"; sourceTree = "<group>"; };
		D5D62A5B1C5083A40036915F /* image1.jpg */ = {isa = PBXFileReference; lastKnownFileType = image.jpeg; name = image1.jpg; path = Resources/Test/image1.jpg; sourceTree = "<group>"; };
		D5D62A5E1C50A0670036915F /* ElectionService.h */ = {isa = PBXFileReference; fileEncoding = 4; lastKnownFileType = sourcecode.c.h; name = ElectionService.h; path = Classes/Src/HomePage/ElectionService.h; sourceTree = "<group>"; };
		D5D62A5F1C50A0670036915F /* ElectionService.m */ = {isa = PBXFileReference; fileEncoding = 4; lastKnownFileType = sourcecode.c.objc; name = ElectionService.m; path = Classes/Src/HomePage/ElectionService.m; sourceTree = "<group>"; };
		D5D62A671C50A3F00036915F /* HttpConstant.h */ = {isa = PBXFileReference; lastKnownFileType = sourcecode.c.h; name = HttpConstant.h; path = Classes/Constant/HttpConstant.h; sourceTree = "<group>"; };
		D5D62A6F1C50B2A30036915F /* QCService.h */ = {isa = PBXFileReference; fileEncoding = 4; lastKnownFileType = sourcecode.c.h; name = QCService.h; path = Classes/Common/Model/QCService.h; sourceTree = "<group>"; };
		D5D62A701C50B2A30036915F /* QCService.m */ = {isa = PBXFileReference; fileEncoding = 4; lastKnownFileType = sourcecode.c.objc; name = QCService.m; path = Classes/Common/Model/QCService.m; sourceTree = "<group>"; };
		D5D62A721C50B6010036915F /* HttpMessage.h */ = {isa = PBXFileReference; fileEncoding = 4; lastKnownFileType = sourcecode.c.h; name = HttpMessage.h; path = Classes/Common/Http/HttpMessage.h; sourceTree = "<group>"; };
		D5D62A731C50B6010036915F /* HttpMessage.m */ = {isa = PBXFileReference; fileEncoding = 4; lastKnownFileType = sourcecode.c.objc; name = HttpMessage.m; path = Classes/Common/Http/HttpMessage.m; sourceTree = "<group>"; };
		D5D62A751C50D0720036915F /* QCMessage.h */ = {isa = PBXFileReference; fileEncoding = 4; lastKnownFileType = sourcecode.c.h; name = QCMessage.h; path = Classes/Common/Model/QCMessage.h; sourceTree = "<group>"; };
		D5D62A761C50D0720036915F /* QCMessage.m */ = {isa = PBXFileReference; fileEncoding = 4; lastKnownFileType = sourcecode.c.objc; name = QCMessage.m; path = Classes/Common/Model/QCMessage.m; sourceTree = "<group>"; };
		D5D62A781C50D09A0036915F /* ElectionMessage.h */ = {isa = PBXFileReference; fileEncoding = 4; lastKnownFileType = sourcecode.c.h; name = ElectionMessage.h; path = Classes/Src/HomePage/ElectionMessage.h; sourceTree = "<group>"; };
		D5D62A791C50D09A0036915F /* ElectionMessage.m */ = {isa = PBXFileReference; fileEncoding = 4; lastKnownFileType = sourcecode.c.objc; name = ElectionMessage.m; path = Classes/Src/HomePage/ElectionMessage.m; sourceTree = "<group>"; };
		D5D62A7B1C50D3240036915F /* HttpMsgCtrl.h */ = {isa = PBXFileReference; fileEncoding = 4; lastKnownFileType = sourcecode.c.h; name = HttpMsgCtrl.h; path = Classes/Common/Http/HttpMsgCtrl.h; sourceTree = "<group>"; };
		D5D62A7C1C50D3240036915F /* HttpMsgCtrl.m */ = {isa = PBXFileReference; fileEncoding = 4; lastKnownFileType = sourcecode.c.objc; name = HttpMsgCtrl.m; path = Classes/Common/Http/HttpMsgCtrl.m; sourceTree = "<group>"; };
		D5D62A7F1C51D0CF0036915F /* NSNumber+Helper.h */ = {isa = PBXFileReference; fileEncoding = 4; lastKnownFileType = sourcecode.c.h; name = "NSNumber+Helper.h"; path = "Classes/Common/NSNumber/NSNumber+Helper.h"; sourceTree = "<group>"; };
		D5D62A801C51D0CF0036915F /* NSNumber+Helper.m */ = {isa = PBXFileReference; fileEncoding = 4; lastKnownFileType = sourcecode.c.objc; name = "NSNumber+Helper.m"; path = "Classes/Common/NSNumber/NSNumber+Helper.m"; sourceTree = "<group>"; };
/* End PBXFileReference section */

/* Begin PBXFrameworksBuildPhase section */
		D587174A1C4335570003C2B8 /* Frameworks */ = {
			isa = PBXFrameworksBuildPhase;
			buildActionMask = 2147483647;
			files = (
				F60A685D7BDAEDCC60A58432 /* libPods.a in Frameworks */,
			);
			runOnlyForDeploymentPostprocessing = 0;
		};
/* End PBXFrameworksBuildPhase section */

/* Begin PBXGroup section */
		B967D1C39339B9EBDB053BFB /* Frameworks */ = {
			isa = PBXGroup;
			children = (
				8F94406E8726717E950A2587 /* libPods.a */,
			);
			name = Frameworks;
			sourceTree = "<group>";
		};
		C3F073B0AFC8AC72E9CA07C7 /* Pods */ = {
			isa = PBXGroup;
			children = (
				1AFBC193D3BA17E6B4F4E52A /* Pods.debug.xcconfig */,
				5863F7479DE3F07254445564 /* Pods.release.xcconfig */,
			);
			name = Pods;
			sourceTree = "<group>";
		};
		D58717441C4335570003C2B8 = {
			isa = PBXGroup;
			children = (
				D587174F1C4335570003C2B8 /* QingCha */,
				D587174E1C4335570003C2B8 /* Products */,
				C3F073B0AFC8AC72E9CA07C7 /* Pods */,
				B967D1C39339B9EBDB053BFB /* Frameworks */,
			);
			sourceTree = "<group>";
		};
		D587174E1C4335570003C2B8 /* Products */ = {
			isa = PBXGroup;
			children = (
				D587174D1C4335570003C2B8 /* 清茶绮香.app */,
			);
			name = Products;
			sourceTree = "<group>";
		};
		D587174F1C4335570003C2B8 /* QingCha */ = {
			isa = PBXGroup;
			children = (
				D58717671C4353490003C2B8 /* Classes */,
				D58717681C4353620003C2B8 /* Resources */,
				D58717501C4335570003C2B8 /* Supporting Files */,
			);
			path = QingCha;
			sourceTree = "<group>";
		};
		D58717501C4335570003C2B8 /* Supporting Files */ = {
			isa = PBXGroup;
			children = (
				D58717611C4335570003C2B8 /* Info.plist */,
				D58717511C4335570003C2B8 /* main.m */,
				D5D62A0A1C4DC81E0036915F /* PrefixHeader.pch */,
			);
			name = "Supporting Files";
			sourceTree = "<group>";
		};
		D58717671C4353490003C2B8 /* Classes */ = {
			isa = PBXGroup;
			children = (
				D58717691C4353860003C2B8 /* Src */,
				D587176C1C43539B0003C2B8 /* Constant */,
				D587176B1C4353940003C2B8 /* Common */,
				D587176A1C43538D0003C2B8 /* AppDelegate */,
			);
			name = Classes;
			sourceTree = "<group>";
		};
		D58717681C4353620003C2B8 /* Resources */ = {
			isa = PBXGroup;
			children = (
				D5D62A5A1C5083850036915F /* Test */,
				D5D62A591C5083420036915F /* Image */,
				D587175C1C4335570003C2B8 /* Assets.xcassets */,
			);
			name = Resources;
			sourceTree = "<group>";
		};
		D58717691C4353860003C2B8 /* Src */ = {
			isa = PBXGroup;
			children = (
				D587176D1C4353A60003C2B8 /* StoryBoard */,
				D58717731C43560C0003C2B8 /* HomePage */,
			);
			name = Src;
			sourceTree = "<group>";
		};
		D587176A1C43538D0003C2B8 /* AppDelegate */ = {
			isa = PBXGroup;
			children = (
				D587176E1C43541C0003C2B8 /* AppDelegate.h */,
				D587176F1C43541C0003C2B8 /* AppDelegate.m */,
			);
			name = AppDelegate;
			sourceTree = "<group>";
		};
		D587176B1C4353940003C2B8 /* Common */ = {
			isa = PBXGroup;
			children = (
				D5D62A7E1C51D0970036915F /* NSNumber */,
				D5D62A3A1C4F271F0036915F /* Http */,
				D5D62A331C4F18250036915F /* Protocol */,
				D5D62A2E1C4E20770036915F /* UIImage */,
				D5D62A551C5074A30036915F /* UILabel */,
				D5D62A271C4E17C10036915F /* Model */,
				D5D62A511C506BB00036915F /* NSString */,
				D5D62A201C4E152C0036915F /* NSArray */,
				D5D62A0E1C4DDEA60036915F /* UITableView */,
				D58717741C4356A60003C2B8 /* UIViewController */,
				D5D62A161C4E10120036915F /* Header.h */,
			);
			name = Common;
			sourceTree = "<group>";
		};
		D587176C1C43539B0003C2B8 /* Constant */ = {
			isa = PBXGroup;
			children = (
				D5D62A091C4DC7540036915F /* UIConstant.h */,
				D5D62A671C50A3F00036915F /* HttpConstant.h */,
			);
			name = Constant;
			sourceTree = "<group>";
		};
		D587176D1C4353A60003C2B8 /* StoryBoard */ = {
			isa = PBXGroup;
			children = (
				D58717711C4354270003C2B8 /* Root_Iphone.storyboard */,
			);
			name = StoryBoard;
			sourceTree = "<group>";
		};
		D58717731C43560C0003C2B8 /* HomePage */ = {
			isa = PBXGroup;
			children = (
				D58717751C4356D00003C2B8 /* Controller */,
				D5D62A051C48C6E40036915F /* View */,
				D5D62A2F1C4E219A0036915F /* Cell */,
				D5D62A6B1C50AD720036915F /* Model */,
			);
			name = HomePage;
			sourceTree = "<group>";
		};
		D58717741C4356A60003C2B8 /* UIViewController */ = {
			isa = PBXGroup;
			children = (
				D587177D1C4376DA0003C2B8 /* UICommonViewController.h */,
				D587177E1C4376DA0003C2B8 /* UICommonViewController.m */,
				D5D62A411C4F35B90036915F /* UIRefreshTableViewController.h */,
				D5D62A421C4F35B90036915F /* UIRefreshTableViewController.m */,
			);
			name = UIViewController;
			sourceTree = "<group>";
		};
		D58717751C4356D00003C2B8 /* Controller */ = {
			isa = PBXGroup;
			children = (
				D58717801C43773F0003C2B8 /* HomePageViewController.h */,
				D58717811C43773F0003C2B8 /* HomePageViewController.m */,
			);
			name = Controller;
			sourceTree = "<group>";
		};
		D5D62A051C48C6E40036915F /* View */ = {
			isa = PBXGroup;
			children = (
				D5D62A061C48CC620036915F /* HomePageGuideView.h */,
				D5D62A071C48CC620036915F /* HomePageGuideView.m */,
			);
			name = View;
			sourceTree = "<group>";
		};
		D5D62A0E1C4DDEA60036915F /* UITableView */ = {
			isa = PBXGroup;
			children = (
				D5D62A1A1C4E124B0036915F /* UITableView+Factory.h */,
				D5D62A1B1C4E124B0036915F /* UITableView+Factory.m */,
				D5D62A1D1C4E12B00036915F /* UITableView+Helper.h */,
				D5D62A1E1C4E12B00036915F /* UITableView+Helper.m */,
			);
			name = UITableView;
			sourceTree = "<group>";
		};
		D5D62A201C4E152C0036915F /* NSArray */ = {
			isa = PBXGroup;
			children = (
				D5D62A211C4E15500036915F /* NSArray+Helper.h */,
				D5D62A221C4E15500036915F /* NSArray+Helper.m */,
			);
			name = NSArray;
			sourceTree = "<group>";
		};
		D5D62A271C4E17C10036915F /* Model */ = {
			isa = PBXGroup;
			children = (
				D5D62A4E1C5066220036915F /* QCElection.h */,
				D5D62A4F1C5066220036915F /* QCElection.m */,
				D5D62A281C4E18120036915F /* QCModel.h */,
				D5D62A291C4E18120036915F /* QCModel.m */,
				D5D62A2B1C4E1EFD0036915F /* QCArtifact.h */,
				D5D62A2C1C4E1EFD0036915F /* QCArtifact.m */,
				D5D62A4B1C5065990036915F /* QCBrand.h */,
				D5D62A4C1C5065990036915F /* QCBrand.m */,
				D5D62A6F1C50B2A30036915F /* QCService.h */,
				D5D62A701C50B2A30036915F /* QCService.m */,
				D5D62A751C50D0720036915F /* QCMessage.h */,
				D5D62A761C50D0720036915F /* QCMessage.m */,
			);
			name = Model;
			sourceTree = "<group>";
		};
		D5D62A2E1C4E20770036915F /* UIImage */ = {
			isa = PBXGroup;
			children = (
			);
			name = UIImage;
			sourceTree = "<group>";
		};
		D5D62A2F1C4E219A0036915F /* Cell */ = {
			isa = PBXGroup;
			children = (
				D5D62A301C4E22690036915F /* ElectionViewCell.h */,
				D5D62A311C4E22690036915F /* ElectionViewCell.m */,
			);
			name = Cell;
			sourceTree = "<group>";
		};
		D5D62A331C4F18250036915F /* Protocol */ = {
			isa = PBXGroup;
			children = (
			);
			name = Protocol;
			sourceTree = "<group>";
		};
		D5D62A3A1C4F271F0036915F /* Http */ = {
			isa = PBXGroup;
			children = (
				D5D62A3B1C4F27720036915F /* Http.h */,
				D5D62A3C1C4F27720036915F /* Http.m */,
				D5D62A721C50B6010036915F /* HttpMessage.h */,
				D5D62A731C50B6010036915F /* HttpMessage.m */,
				D5D62A7B1C50D3240036915F /* HttpMsgCtrl.h */,
				D5D62A7C1C50D3240036915F /* HttpMsgCtrl.m */,
			);
			name = Http;
			sourceTree = "<group>";
		};
		D5D62A511C506BB00036915F /* NSString */ = {
			isa = PBXGroup;
			children = (
				D5D62A521C506BF60036915F /* NSString+Helper.h */,
				D5D62A531C506BF60036915F /* NSString+Helper.m */,
			);
			name = NSString;
			sourceTree = "<group>";
		};
		D5D62A551C5074A30036915F /* UILabel */ = {
			isa = PBXGroup;
			children = (
				D5D62A561C5074CA0036915F /* UILabel+Factory.h */,
				D5D62A571C5074CA0036915F /* UILabel+Factory.m */,
			);
			name = UILabel;
			sourceTree = "<group>";
		};
		D5D62A591C5083420036915F /* Image */ = {
			isa = PBXGroup;
			children = (
			);
			name = Image;
			sourceTree = "<group>";
		};
		D5D62A5A1C5083850036915F /* Test */ = {
			isa = PBXGroup;
			children = (
				D5D62A5B1C5083A40036915F /* image1.jpg */,
			);
			name = Test;
			sourceTree = "<group>";
		};
		D5D62A6B1C50AD720036915F /* Model */ = {
			isa = PBXGroup;
			children = (
				D5D62A5E1C50A0670036915F /* ElectionService.h */,
				D5D62A5F1C50A0670036915F /* ElectionService.m */,
				D5D62A781C50D09A0036915F /* ElectionMessage.h */,
				D5D62A791C50D09A0036915F /* ElectionMessage.m */,
			);
			name = Model;
			sourceTree = "<group>";
		};
		D5D62A7E1C51D0970036915F /* NSNumber */ = {
			isa = PBXGroup;
			children = (
				D5D62A7F1C51D0CF0036915F /* NSNumber+Helper.h */,
				D5D62A801C51D0CF0036915F /* NSNumber+Helper.m */,
			);
			name = NSNumber;
			sourceTree = "<group>";
		};
/* End PBXGroup section */

/* Begin PBXNativeTarget section */
		D587174C1C4335570003C2B8 /* QingCha */ = {
			isa = PBXNativeTarget;
			buildConfigurationList = D58717641C4335570003C2B8 /* Build configuration list for PBXNativeTarget "QingCha" */;
			buildPhases = (
				EC998AE644CB8685DF9D2955 /* Check Pods Manifest.lock */,
				D58717491C4335570003C2B8 /* Sources */,
				D587174A1C4335570003C2B8 /* Frameworks */,
				D587174B1C4335570003C2B8 /* Resources */,
				E88A5638CF7AE7BC685FB182 /* Embed Pods Frameworks */,
				97684F00ECB7156716A84D20 /* Copy Pods Resources */,
			);
			buildRules = (
			);
			dependencies = (
			);
			name = QingCha;
			productName = QingCha;
			productReference = D587174D1C4335570003C2B8 /* 清茶绮香.app */;
			productType = "com.apple.product-type.application";
		};
/* End PBXNativeTarget section */

/* Begin PBXProject section */
		D58717451C4335570003C2B8 /* Project object */ = {
			isa = PBXProject;
			attributes = {
				LastUpgradeCheck = 0710;
				ORGANIZATIONNAME = QingCha;
				TargetAttributes = {
					D587174C1C4335570003C2B8 = {
						CreatedOnToolsVersion = 7.1.1;
						DevelopmentTeam = 57979TE7HA;
					};
				};
			};
			buildConfigurationList = D58717481C4335570003C2B8 /* Build configuration list for PBXProject "QingCha" */;
			compatibilityVersion = "Xcode 3.2";
			developmentRegion = English;
			hasScannedForEncodings = 0;
			knownRegions = (
				en,
				Base,
			);
			mainGroup = D58717441C4335570003C2B8;
			productRefGroup = D587174E1C4335570003C2B8 /* Products */;
			projectDirPath = "";
			projectRoot = "";
			targets = (
				D587174C1C4335570003C2B8 /* QingCha */,
			);
		};
/* End PBXProject section */

/* Begin PBXResourcesBuildPhase section */
		D587174B1C4335570003C2B8 /* Resources */ = {
			isa = PBXResourcesBuildPhase;
			buildActionMask = 2147483647;
			files = (
				D587175D1C4335570003C2B8 /* Assets.xcassets in Resources */,
				D58717721C4354270003C2B8 /* Root_Iphone.storyboard in Resources */,
				D5D62A5C1C5083A50036915F /* image1.jpg in Resources */,
			);
			runOnlyForDeploymentPostprocessing = 0;
		};
/* End PBXResourcesBuildPhase section */

/* Begin PBXShellScriptBuildPhase section */
		97684F00ECB7156716A84D20 /* Copy Pods Resources */ = {
			isa = PBXShellScriptBuildPhase;
			buildActionMask = 2147483647;
			files = (
			);
			inputPaths = (
			);
			name = "Copy Pods Resources";
			outputPaths = (
			);
			runOnlyForDeploymentPostprocessing = 0;
			shellPath = /bin/sh;
			shellScript = "\"${SRCROOT}/Pods/Target Support Files/Pods/Pods-resources.sh\"\n";
			showEnvVarsInLog = 0;
		};
		E88A5638CF7AE7BC685FB182 /* Embed Pods Frameworks */ = {
			isa = PBXShellScriptBuildPhase;
			buildActionMask = 2147483647;
			files = (
			);
			inputPaths = (
			);
			name = "Embed Pods Frameworks";
			outputPaths = (
			);
			runOnlyForDeploymentPostprocessing = 0;
			shellPath = /bin/sh;
			shellScript = "\"${SRCROOT}/Pods/Target Support Files/Pods/Pods-frameworks.sh\"\n";
			showEnvVarsInLog = 0;
		};
		EC998AE644CB8685DF9D2955 /* Check Pods Manifest.lock */ = {
			isa = PBXShellScriptBuildPhase;
			buildActionMask = 2147483647;
			files = (
			);
			inputPaths = (
			);
			name = "Check Pods Manifest.lock";
			outputPaths = (
			);
			runOnlyForDeploymentPostprocessing = 0;
			shellPath = /bin/sh;
			shellScript = "diff \"${PODS_ROOT}/../Podfile.lock\" \"${PODS_ROOT}/Manifest.lock\" > /dev/null\nif [[ $? != 0 ]] ; then\n    cat << EOM\nerror: The sandbox is not in sync with the Podfile.lock. Run 'pod install' or update your CocoaPods installation.\nEOM\n    exit 1\nfi\n";
			showEnvVarsInLog = 0;
		};
/* End PBXShellScriptBuildPhase section */

/* Begin PBXSourcesBuildPhase section */
		D58717491C4335570003C2B8 /* Sources */ = {
			isa = PBXSourcesBuildPhase;
			buildActionMask = 2147483647;
			files = (
				D5D62A1C1C4E124B0036915F /* UITableView+Factory.m in Sources */,
				D5D62A811C51D0CF0036915F /* NSNumber+Helper.m in Sources */,
				D5D62A2D1C4E1EFD0036915F /* QCArtifact.m in Sources */,
				D58717821C43773F0003C2B8 /* HomePageViewController.m in Sources */,
				D5D62A581C5074CA0036915F /* UILabel+Factory.m in Sources */,
				D58717701C43541C0003C2B8 /* AppDelegate.m in Sources */,
				D58717521C4335570003C2B8 /* main.m in Sources */,
				D5D62A7A1C50D09A0036915F /* ElectionMessage.m in Sources */,
				D5D62A501C5066220036915F /* QCElection.m in Sources */,
				D5D62A3D1C4F27720036915F /* Http.m in Sources */,
				D5D62A2A1C4E18120036915F /* QCModel.m in Sources */,
				D5D62A081C48CC620036915F /* HomePageGuideView.m in Sources */,
				D5D62A711C50B2A30036915F /* QCService.m in Sources */,
				D587177F1C4376DA0003C2B8 /* UICommonViewController.m in Sources */,
				D5D62A231C4E15500036915F /* NSArray+Helper.m in Sources */,
				D5D62A601C50A0670036915F /* ElectionService.m in Sources */,
				D5D62A4D1C5065990036915F /* QCBrand.m in Sources */,
				D5D62A1F1C4E12B00036915F /* UITableView+Helper.m in Sources */,
				D5D62A321C4E22690036915F /* ElectionViewCell.m in Sources */,
				D5D62A431C4F35B90036915F /* UIRefreshTableViewController.m in Sources */,
				D5D62A7D1C50D3240036915F /* HttpMsgCtrl.m in Sources */,
				D5D62A741C50B6010036915F /* HttpMessage.m in Sources */,
				D5D62A541C506BF60036915F /* NSString+Helper.m in Sources */,
				D5D62A771C50D0720036915F /* QCMessage.m in Sources */,
			);
			runOnlyForDeploymentPostprocessing = 0;
		};
/* End PBXSourcesBuildPhase section */

/* Begin XCBuildConfiguration section */
		D58717621C4335570003C2B8 /* Debug */ = {
			isa = XCBuildConfiguration;
			buildSettings = {
				ALWAYS_SEARCH_USER_PATHS = NO;
				CLANG_CXX_LANGUAGE_STANDARD = "gnu++0x";
				CLANG_CXX_LIBRARY = "libc++";
				CLANG_ENABLE_MODULES = YES;
				CLANG_ENABLE_OBJC_ARC = YES;
				CLANG_WARN_BOOL_CONVERSION = YES;
				CLANG_WARN_CONSTANT_CONVERSION = YES;
				CLANG_WARN_DIRECT_OBJC_ISA_USAGE = YES_ERROR;
				CLANG_WARN_EMPTY_BODY = YES;
				CLANG_WARN_ENUM_CONVERSION = YES;
				CLANG_WARN_INT_CONVERSION = YES;
				CLANG_WARN_OBJC_ROOT_CLASS = YES_ERROR;
				CLANG_WARN_UNREACHABLE_CODE = YES;
				CLANG_WARN__DUPLICATE_METHOD_MATCH = YES;
				"CODE_SIGN_IDENTITY[sdk=iphoneos*]" = "iPhone Developer";
				COPY_PHASE_STRIP = NO;
				DEBUG_INFORMATION_FORMAT = dwarf;
				ENABLE_STRICT_OBJC_MSGSEND = YES;
				ENABLE_TESTABILITY = YES;
				GCC_C_LANGUAGE_STANDARD = gnu99;
				GCC_DYNAMIC_NO_PIC = NO;
				GCC_NO_COMMON_BLOCKS = YES;
				GCC_OPTIMIZATION_LEVEL = 0;
				GCC_PREPROCESSOR_DEFINITIONS = (
					"DEBUG=1",
					"$(inherited)",
				);
				GCC_WARN_64_TO_32_BIT_CONVERSION = YES;
				GCC_WARN_ABOUT_RETURN_TYPE = YES_ERROR;
				GCC_WARN_UNDECLARED_SELECTOR = YES;
				GCC_WARN_UNINITIALIZED_AUTOS = YES_AGGRESSIVE;
				GCC_WARN_UNUSED_FUNCTION = YES;
				GCC_WARN_UNUSED_VARIABLE = YES;
				IPHONEOS_DEPLOYMENT_TARGET = 9.1;
				MTL_ENABLE_DEBUG_INFO = YES;
				ONLY_ACTIVE_ARCH = YES;
				SDKROOT = iphoneos;
			};
			name = Debug;
		};
		D58717631C4335570003C2B8 /* Release */ = {
			isa = XCBuildConfiguration;
			buildSettings = {
				ALWAYS_SEARCH_USER_PATHS = NO;
				CLANG_CXX_LANGUAGE_STANDARD = "gnu++0x";
				CLANG_CXX_LIBRARY = "libc++";
				CLANG_ENABLE_MODULES = YES;
				CLANG_ENABLE_OBJC_ARC = YES;
				CLANG_WARN_BOOL_CONVERSION = YES;
				CLANG_WARN_CONSTANT_CONVERSION = YES;
				CLANG_WARN_DIRECT_OBJC_ISA_USAGE = YES_ERROR;
				CLANG_WARN_EMPTY_BODY = YES;
				CLANG_WARN_ENUM_CONVERSION = YES;
				CLANG_WARN_INT_CONVERSION = YES;
				CLANG_WARN_OBJC_ROOT_CLASS = YES_ERROR;
				CLANG_WARN_UNREACHABLE_CODE = YES;
				CLANG_WARN__DUPLICATE_METHOD_MATCH = YES;
				"CODE_SIGN_IDENTITY[sdk=iphoneos*]" = "iPhone Developer";
				COPY_PHASE_STRIP = NO;
				DEBUG_INFORMATION_FORMAT = "dwarf-with-dsym";
				ENABLE_NS_ASSERTIONS = NO;
				ENABLE_STRICT_OBJC_MSGSEND = YES;
				GCC_C_LANGUAGE_STANDARD = gnu99;
				GCC_NO_COMMON_BLOCKS = YES;
				GCC_WARN_64_TO_32_BIT_CONVERSION = YES;
				GCC_WARN_ABOUT_RETURN_TYPE = YES_ERROR;
				GCC_WARN_UNDECLARED_SELECTOR = YES;
				GCC_WARN_UNINITIALIZED_AUTOS = YES_AGGRESSIVE;
				GCC_WARN_UNUSED_FUNCTION = YES;
				GCC_WARN_UNUSED_VARIABLE = YES;
				IPHONEOS_DEPLOYMENT_TARGET = 9.1;
				MTL_ENABLE_DEBUG_INFO = NO;
				SDKROOT = iphoneos;
				VALIDATE_PRODUCT = YES;
			};
			name = Release;
		};
		D58717651C4335570003C2B8 /* Debug */ = {
			isa = XCBuildConfiguration;
			baseConfigurationReference = 1AFBC193D3BA17E6B4F4E52A /* Pods.debug.xcconfig */;
			buildSettings = {
				ASSETCATALOG_COMPILER_APPICON_NAME = AppIcon;
				CODE_SIGN_IDENTITY = "iPhone Developer";
				GCC_PRECOMPILE_PREFIX_HEADER = YES;
				GCC_PREFIX_HEADER = "$(SRCROOT)/QingCha/PrefixHeader.pch";
				INFOPLIST_FILE = QingCha/Info.plist;
				LD_RUNPATH_SEARCH_PATHS = "$(inherited) @executable_path/Frameworks";
				PRODUCT_BUNDLE_IDENTIFIER = QC.QingCha;
				PRODUCT_NAME = "清茶绮香";
			};
			name = Debug;
		};
		D58717661C4335570003C2B8 /* Release */ = {
			isa = XCBuildConfiguration;
			baseConfigurationReference = 5863F7479DE3F07254445564 /* Pods.release.xcconfig */;
			buildSettings = {
				ASSETCATALOG_COMPILER_APPICON_NAME = AppIcon;
				CODE_SIGN_IDENTITY = "iPhone Developer";
				GCC_PRECOMPILE_PREFIX_HEADER = YES;
				GCC_PREFIX_HEADER = "$(SRCROOT)/QingCha/PrefixHeader.pch";
				INFOPLIST_FILE = QingCha/Info.plist;
				LD_RUNPATH_SEARCH_PATHS = "$(inherited) @executable_path/Frameworks";
				PRODUCT_BUNDLE_IDENTIFIER = QC.QingCha;
				PRODUCT_NAME = "清茶绮香";
			};
			name = Release;
		};
/* End XCBuildConfiguration section */

/* Begin XCConfigurationList section */
		D58717481C4335570003C2B8 /* Build configuration list for PBXProject "QingCha" */ = {
			isa = XCConfigurationList;
			buildConfigurations = (
				D58717621C4335570003C2B8 /* Debug */,
				D58717631C4335570003C2B8 /* Release */,
			);
			defaultConfigurationIsVisible = 0;
			defaultConfigurationName = Release;
		};
		D58717641C4335570003C2B8 /* Build configuration list for PBXNativeTarget "QingCha" */ = {
			isa = XCConfigurationList;
			buildConfigurations = (
				D58717651C4335570003C2B8 /* Debug */,
				D58717661C4335570003C2B8 /* Release */,
			);
			defaultConfigurationIsVisible = 0;
			defaultConfigurationName = Release;
		};
/* End XCConfigurationList section */
	};
	rootObject = D58717451C4335570003C2B8 /* Project object */;
}
